
Microsoft Visual Studio Solution File, Format Version 12.00
# Visual Studio Version 16
VisualStudioVersion = 16.0.30114.105
MinimumVisualStudioVersion = 10.0.40219.1
Project("{FAE04EC0-301F-11D3-BF4B-00C04F79EFBC}") = "Shop", "Shop\Shop.csproj", "{80036509-8655-4FFC-87A7-C8FC2A0D5516}"
EndProject
Global
	GlobalSection(SolutionConfigurationPlatforms) = preSolution
		Debug|Any CPU = Debug|Any CPU
		Release|Any CPU = Release|Any CPU
	EndGlobalSection
	GlobalSection(ProjectConfigurationPlatforms) = postSolution
		{80036509-8655-4FFC-87A7-C8FC2A0D5516}.Debug|Any CPU.ActiveCfg = Debug|Any CPU
		{80036509-8655-4FFC-87A7-C8FC2A0D5516}.Debug|Any CPU.Build.0 = Debug|Any CPU
		{80036509-8655-4FFC-87A7-C8FC2A0D5516}.Release|Any CPU.ActiveCfg = Release|Any CPU
		{80036509-8655-4FFC-87A7-C8FC2A0D5516}.Release|Any CPU.Build.0 = Release|Any CPU
	EndGlobalSection
	GlobalSection(SolutionProperties) = preSolution
		HideSolutionNode = FALSE
	EndGlobalSection
	GlobalSection(ExtensibilityGlobals) = postSolution
		SolutionGuid = {DCE5C033-25FC-4D5B-8B5B-186CAC3E6E08}
	EndGlobalSection
EndGlobal
