
Microsoft Visual Studio Solution File, Format Version 12.00
# Visual Studio Version 16
VisualStudioVersion = 16.0.29418.71
MinimumVisualStudioVersion = 10.0.40219.1
Project("{9A19103F-16F7-4668-BE54-9A1E7A4F7556}") = "crudmongodb", "crudmongodb.csproj", "{DCDF6353-30A5-4CB5-93AB-FD969C835439}"
EndProject
Global
	GlobalSection(SolutionConfigurationPlatforms) = preSolution
		Debug|Any CPU = Debug|Any CPU
		Release|Any CPU = Release|Any CPU
	EndGlobalSection
	GlobalSection(ProjectConfigurationPlatforms) = postSolution
		{DCDF6353-30A5-4CB5-93AB-FD969C835439}.Debug|Any CPU.ActiveCfg = Debug|Any CPU
		{DCDF6353-30A5-4CB5-93AB-FD969C835439}.Debug|Any CPU.Build.0 = Debug|Any CPU
		{DCDF6353-30A5-4CB5-93AB-FD969C835439}.Release|Any CPU.ActiveCfg = Release|Any CPU
		{DCDF6353-30A5-4CB5-93AB-FD969C835439}.Release|Any CPU.Build.0 = Release|Any CPU
	EndGlobalSection
	GlobalSection(SolutionProperties) = preSolution
		HideSolutionNode = FALSE
	EndGlobalSection
	GlobalSection(ExtensibilityGlobals) = postSolution
		SolutionGuid = {7F587DD0-6FE8-4F67-B39A-D8FC15EC0022}
	EndGlobalSection
EndGlobal
