
Microsoft Visual Studio Solution File, Format Version 12.00
# Visual Studio Version 16
VisualStudioVersion = 16.0.30114.105
MinimumVisualStudioVersion = 10.0.40219.1
Project("{FAE04EC0-301F-11D3-BF4B-00C04F79EFBC}") = "Shop", "Shop\Shop.csproj", "{5E18B8EC-002C-4434-85E0-9267DA1652DC}"
EndProject
Project("{FAE04EC0-301F-11D3-BF4B-00C04F79EFBC}") = "Domain", "Domain\Domain.csproj", "{2F8D09D6-5F38-4EF2-8BC7-4CE9AE0EF57D}"
EndProject
Global
	GlobalSection(SolutionConfigurationPlatforms) = preSolution
		Debug|Any CPU = Debug|Any CPU
		Release|Any CPU = Release|Any CPU
	EndGlobalSection
	GlobalSection(ProjectConfigurationPlatforms) = postSolution
		{5E18B8EC-002C-4434-85E0-9267DA1652DC}.Debug|Any CPU.ActiveCfg = Debug|Any CPU
		{5E18B8EC-002C-4434-85E0-9267DA1652DC}.Debug|Any CPU.Build.0 = Debug|Any CPU
		{5E18B8EC-002C-4434-85E0-9267DA1652DC}.Release|Any CPU.ActiveCfg = Release|Any CPU
		{5E18B8EC-002C-4434-85E0-9267DA1652DC}.Release|Any CPU.Build.0 = Release|Any CPU
		{2F8D09D6-5F38-4EF2-8BC7-4CE9AE0EF57D}.Debug|Any CPU.ActiveCfg = Debug|Any CPU
		{2F8D09D6-5F38-4EF2-8BC7-4CE9AE0EF57D}.Debug|Any CPU.Build.0 = Debug|Any CPU
		{2F8D09D6-5F38-4EF2-8BC7-4CE9AE0EF57D}.Release|Any CPU.ActiveCfg = Release|Any CPU
		{2F8D09D6-5F38-4EF2-8BC7-4CE9AE0EF57D}.Release|Any CPU.Build.0 = Release|Any CPU
	EndGlobalSection
	GlobalSection(SolutionProperties) = preSolution
		HideSolutionNode = FALSE
	EndGlobalSection
	GlobalSection(ExtensibilityGlobals) = postSolution
		SolutionGuid = {29A76910-5EBA-490E-ACCA-E3964BBE6BAA}
	EndGlobalSection
EndGlobal
