
Microsoft Visual Studio Solution File, Format Version 12.00
# Visual Studio Version 16
VisualStudioVersion = 16.0.29806.167
MinimumVisualStudioVersion = 10.0.40219.1
Project("{FAE04EC0-301F-11D3-BF4B-00C04F79EFBC}") = "DaysOfCode", "DaysOfCode\DaysOfCode.csproj", "{52EBBE08-3268-47DB-A2B0-872C4A0040CD}"
EndProject
Project("{FAE04EC0-301F-11D3-BF4B-00C04F79EFBC}") = "AlgorithmsTests", "AlgorithmsTests\AlgorithmsTests.csproj", "{4DEB03DD-CA4A-4C2D-8EBB-8C2060FD76DF}"
EndProject
Global
	GlobalSection(SolutionConfigurationPlatforms) = preSolution
		Debug|Any CPU = Debug|Any CPU
		Release|Any CPU = Release|Any CPU
	EndGlobalSection
	GlobalSection(ProjectConfigurationPlatforms) = postSolution
		{52EBBE08-3268-47DB-A2B0-872C4A0040CD}.Debug|Any CPU.ActiveCfg = Debug|Any CPU
		{52EBBE08-3268-47DB-A2B0-872C4A0040CD}.Debug|Any CPU.Build.0 = Debug|Any CPU
		{52EBBE08-3268-47DB-A2B0-872C4A0040CD}.Release|Any CPU.ActiveCfg = Release|Any CPU
		{52EBBE08-3268-47DB-A2B0-872C4A0040CD}.Release|Any CPU.Build.0 = Release|Any CPU
		{4DEB03DD-CA4A-4C2D-8EBB-8C2060FD76DF}.Debug|Any CPU.ActiveCfg = Debug|Any CPU
		{4DEB03DD-CA4A-4C2D-8EBB-8C2060FD76DF}.Debug|Any CPU.Build.0 = Debug|Any CPU
		{4DEB03DD-CA4A-4C2D-8EBB-8C2060FD76DF}.Release|Any CPU.ActiveCfg = Release|Any CPU
		{4DEB03DD-CA4A-4C2D-8EBB-8C2060FD76DF}.Release|Any CPU.Build.0 = Release|Any CPU
	EndGlobalSection
	GlobalSection(SolutionProperties) = preSolution
		HideSolutionNode = FALSE
	EndGlobalSection
	GlobalSection(ExtensibilityGlobals) = postSolution
		SolutionGuid = {2EF45C3E-C8E6-4867-AE60-3BB955C6AF9B}
	EndGlobalSection
EndGlobal
